
Microsoft Visual Studio Solution File, Format Version 12.00
# Visual Studio Version 17
VisualStudioVersion = 17.12.35527.113 d17.12
MinimumVisualStudioVersion = 10.0.40219.1
Project("{FAE04EC0-301F-11D3-BF4B-00C04F79EFBC}") = "EduPortal.API", "EduPortal.API\EduPortal.API.csproj", "{7B280846-B37D-41CB-9225-5AC8848564FC}"
EndProject
Project("{FAE04EC0-301F-11D3-BF4B-00C04F79EFBC}") = "EduPortal.Entity", "EduPortal.Entity\EduPortal.Entity.csproj", "{C51E3F6D-68EB-4AD4-A3AC-284DEECA6BB3}"
EndProject
Project("{FAE04EC0-301F-11D3-BF4B-00C04F79EFBC}") = "EduPortal.DataAccess", "EduPortal.DataAccess\EduPortal.DataAccess.csproj", "{C2375EB6-8485-4F14-AF80-6E653BFE352F}"
EndProject
Project("{FAE04EC0-301F-11D3-BF4B-00C04F79EFBC}") = "EduPortal.Business", "EduPortal.Business\EduPortal.Business.csproj", "{FF1CD404-8F20-47D0-B17D-AE0259710FFC}"
EndProject
Project("{FAE04EC0-301F-11D3-BF4B-00C04F79EFBC}") = "EduPortal.DTO", "EduPortal.DTO\EduPortal.DTO.csproj", "{7E7033D3-97FC-4194-B51A-CF366BBC1064}"
EndProject
Project("{FAE04EC0-301F-11D3-BF4B-00C04F79EFBC}") = "EduPortal.WebUI", "EduPortal.WebUI\EduPortal.WebUI.csproj", "{716FF60F-AC2C-4105-BBA3-A2A6EAF1172F}"
EndProject
Global
	GlobalSection(SolutionConfigurationPlatforms) = preSolution
		Debug|Any CPU = Debug|Any CPU
		Release|Any CPU = Release|Any CPU
	EndGlobalSection
	GlobalSection(ProjectConfigurationPlatforms) = postSolution
		{7B280846-B37D-41CB-9225-5AC8848564FC}.Debug|Any CPU.ActiveCfg = Debug|Any CPU
		{7B280846-B37D-41CB-9225-5AC8848564FC}.Debug|Any CPU.Build.0 = Debug|Any CPU
		{7B280846-B37D-41CB-9225-5AC8848564FC}.Release|Any CPU.ActiveCfg = Release|Any CPU
		{7B280846-B37D-41CB-9225-5AC8848564FC}.Release|Any CPU.Build.0 = Release|Any CPU
		{C51E3F6D-68EB-4AD4-A3AC-284DEECA6BB3}.Debug|Any CPU.ActiveCfg = Debug|Any CPU
		{C51E3F6D-68EB-4AD4-A3AC-284DEECA6BB3}.Debug|Any CPU.Build.0 = Debug|Any CPU
		{C51E3F6D-68EB-4AD4-A3AC-284DEECA6BB3}.Release|Any CPU.ActiveCfg = Release|Any CPU
		{C51E3F6D-68EB-4AD4-A3AC-284DEECA6BB3}.Release|Any CPU.Build.0 = Release|Any CPU
		{C2375EB6-8485-4F14-AF80-6E653BFE352F}.Debug|Any CPU.ActiveCfg = Debug|Any CPU
		{C2375EB6-8485-4F14-AF80-6E653BFE352F}.Debug|Any CPU.Build.0 = Debug|Any CPU
		{C2375EB6-8485-4F14-AF80-6E653BFE352F}.Release|Any CPU.ActiveCfg = Release|Any CPU
		{C2375EB6-8485-4F14-AF80-6E653BFE352F}.Release|Any CPU.Build.0 = Release|Any CPU
		{FF1CD404-8F20-47D0-B17D-AE0259710FFC}.Debug|Any CPU.ActiveCfg = Debug|Any CPU
		{FF1CD404-8F20-47D0-B17D-AE0259710FFC}.Debug|Any CPU.Build.0 = Debug|Any CPU
		{FF1CD404-8F20-47D0-B17D-AE0259710FFC}.Release|Any CPU.ActiveCfg = Release|Any CPU
		{FF1CD404-8F20-47D0-B17D-AE0259710FFC}.Release|Any CPU.Build.0 = Release|Any CPU
		{7E7033D3-97FC-4194-B51A-CF366BBC1064}.Debug|Any CPU.ActiveCfg = Debug|Any CPU
		{7E7033D3-97FC-4194-B51A-CF366BBC1064}.Debug|Any CPU.Build.0 = Debug|Any CPU
		{7E7033D3-97FC-4194-B51A-CF366BBC1064}.Release|Any CPU.ActiveCfg = Release|Any CPU
		{7E7033D3-97FC-4194-B51A-CF366BBC1064}.Release|Any CPU.Build.0 = Release|Any CPU
		{716FF60F-AC2C-4105-BBA3-A2A6EAF1172F}.Debug|Any CPU.ActiveCfg = Debug|Any CPU
		{716FF60F-AC2C-4105-BBA3-A2A6EAF1172F}.Debug|Any CPU.Build.0 = Debug|Any CPU
		{716FF60F-AC2C-4105-BBA3-A2A6EAF1172F}.Release|Any CPU.ActiveCfg = Release|Any CPU
		{716FF60F-AC2C-4105-BBA3-A2A6EAF1172F}.Release|Any CPU.Build.0 = Release|Any CPU
	EndGlobalSection
	GlobalSection(SolutionProperties) = preSolution
		HideSolutionNode = FALSE
	EndGlobalSection
EndGlobal
